
Microsoft Visual Studio Solution File, Format Version 12.00
# Visual Studio Version 17
VisualStudioVersion = 17.7.34221.43
MinimumVisualStudioVersion = 10.0.40219.1
Project("{FAE04EC0-301F-11D3-BF4B-00C04F79EFBC}") = "Micro.Sinhro.Rest.ApiGateway", "Micro.Sinhro.Rest.ApiGateway\Micro.Sinhro.Rest.ApiGateway.csproj", "{44A4EDF3-08E4-4AB2-BBFF-B36D6F04FB6B}"
EndProject
Project("{FAE04EC0-301F-11D3-BF4B-00C04F79EFBC}") = "Micro.Async.User", "Micro.Async.User\Micro.Async.User.csproj", "{47D60649-2712-483E-89FB-48B2E6AFFB48}"
EndProject
Project("{FAE04EC0-301F-11D3-BF4B-00C04F79EFBC}") = "Micro.Sinhro.Gift", "Micro.Sinhro.Gift\Micro.Sinhro.Gift.csproj", "{AA51A009-A336-4F09-9607-9C7C05A86D59}"
EndProject
Global
	GlobalSection(SolutionConfigurationPlatforms) = preSolution
		Debug|Any CPU = Debug|Any CPU
		Release|Any CPU = Release|Any CPU
	EndGlobalSection
	GlobalSection(ProjectConfigurationPlatforms) = postSolution
		{44A4EDF3-08E4-4AB2-BBFF-B36D6F04FB6B}.Debug|Any CPU.ActiveCfg = Debug|Any CPU
		{44A4EDF3-08E4-4AB2-BBFF-B36D6F04FB6B}.Debug|Any CPU.Build.0 = Debug|Any CPU
		{44A4EDF3-08E4-4AB2-BBFF-B36D6F04FB6B}.Release|Any CPU.ActiveCfg = Release|Any CPU
		{44A4EDF3-08E4-4AB2-BBFF-B36D6F04FB6B}.Release|Any CPU.Build.0 = Release|Any CPU
		{47D60649-2712-483E-89FB-48B2E6AFFB48}.Debug|Any CPU.ActiveCfg = Debug|Any CPU
		{47D60649-2712-483E-89FB-48B2E6AFFB48}.Debug|Any CPU.Build.0 = Debug|Any CPU
		{47D60649-2712-483E-89FB-48B2E6AFFB48}.Release|Any CPU.ActiveCfg = Release|Any CPU
		{47D60649-2712-483E-89FB-48B2E6AFFB48}.Release|Any CPU.Build.0 = Release|Any CPU
		{AA51A009-A336-4F09-9607-9C7C05A86D59}.Debug|Any CPU.ActiveCfg = Debug|Any CPU
		{AA51A009-A336-4F09-9607-9C7C05A86D59}.Debug|Any CPU.Build.0 = Debug|Any CPU
		{AA51A009-A336-4F09-9607-9C7C05A86D59}.Release|Any CPU.ActiveCfg = Release|Any CPU
		{AA51A009-A336-4F09-9607-9C7C05A86D59}.Release|Any CPU.Build.0 = Release|Any CPU
	EndGlobalSection
	GlobalSection(SolutionProperties) = preSolution
		HideSolutionNode = FALSE
	EndGlobalSection
	GlobalSection(ExtensibilityGlobals) = postSolution
		SolutionGuid = {FDB7577B-8A17-4FC4-9540-1C82EC702877}
	EndGlobalSection
EndGlobal
